
Microsoft Visual Studio Solution File, Format Version 12.00
# Visual Studio Version 17
VisualStudioVersion = 17.0.31903.59
MinimumVisualStudioVersion = 10.0.40219.1
Project("{2150E333-8FDC-42A3-9474-1A3956D46DE8}") = "src", "src", "{D7D996F7-0F64-4551-8EFA-96041D218079}"
EndProject
Project("{FAE04EC0-301F-11D3-BF4B-00C04F79EFBC}") = "StickBy.Shared", "src\StickBy.Shared\StickBy.Shared.csproj", "{D020C1F6-7F0A-4411-AAA3-7360695A18D3}"
EndProject
Project("{FAE04EC0-301F-11D3-BF4B-00C04F79EFBC}") = "StickBy.Infrastructure", "src\StickBy.Infrastructure\StickBy.Infrastructure.csproj", "{6D779743-22B5-4283-B010-3104F047C0BB}"
EndProject
Project("{FAE04EC0-301F-11D3-BF4B-00C04F79EFBC}") = "StickBy.Api", "src\StickBy.Api\StickBy.Api.csproj", "{BBE7BD11-27F0-4ABC-93BC-689E6AA16A32}"
EndProject
Project("{FAE04EC0-301F-11D3-BF4B-00C04F79EFBC}") = "StickBy.Web", "src\StickBy.Web\StickBy.Web.csproj", "{59693B1F-C3B2-4996-951B-CE2FE81E8154}"
EndProject
Project("{FAE04EC0-301F-11D3-BF4B-00C04F79EFBC}") = "StickBy.Admin.Api", "src\StickBy.Admin.Api\StickBy.Admin.Api.csproj", "{D797AD22-0B00-45D1-9930-ECDB6B4A5347}"
EndProject
Project("{FAE04EC0-301F-11D3-BF4B-00C04F79EFBC}") = "StickBy.Admin.Web", "src\StickBy.Admin.Web\StickBy.Admin.Web.csproj", "{820A2C8E-3D18-4442-AD7D-6FAA7EBA0A04}"
EndProject
Project("{2150E333-8FDC-42A3-9474-1A3956D46DE8}") = "tests", "tests", "{CDF4D37B-1B6D-4607-B755-082CC9A8D0F5}"
EndProject
Project("{FAE04EC0-301F-11D3-BF4B-00C04F79EFBC}") = "StickBy.Api.Tests", "tests\StickBy.Api.Tests\StickBy.Api.Tests.csproj", "{DEF738D8-6BFC-4B5C-A2B1-2CA5CAC35DB5}"
EndProject
Project("{FAE04EC0-301F-11D3-BF4B-00C04F79EFBC}") = "StickBy.E2E.Tests", "tests\StickBy.E2E.Tests\StickBy.E2E.Tests.csproj", "{F68E3A3F-3BB2-46F7-B2DC-70E5874296C6}"
EndProject
Global
	GlobalSection(SolutionConfigurationPlatforms) = preSolution
		Debug|Any CPU = Debug|Any CPU
		Release|Any CPU = Release|Any CPU
	EndGlobalSection
	GlobalSection(SolutionProperties) = preSolution
		HideSolutionNode = FALSE
	EndGlobalSection
	GlobalSection(ProjectConfigurationPlatforms) = postSolution
		{D020C1F6-7F0A-4411-AAA3-7360695A18D3}.Debug|Any CPU.ActiveCfg = Debug|Any CPU
		{D020C1F6-7F0A-4411-AAA3-7360695A18D3}.Debug|Any CPU.Build.0 = Debug|Any CPU
		{D020C1F6-7F0A-4411-AAA3-7360695A18D3}.Release|Any CPU.ActiveCfg = Release|Any CPU
		{D020C1F6-7F0A-4411-AAA3-7360695A18D3}.Release|Any CPU.Build.0 = Release|Any CPU
		{6D779743-22B5-4283-B010-3104F047C0BB}.Debug|Any CPU.ActiveCfg = Debug|Any CPU
		{6D779743-22B5-4283-B010-3104F047C0BB}.Debug|Any CPU.Build.0 = Debug|Any CPU
		{6D779743-22B5-4283-B010-3104F047C0BB}.Release|Any CPU.ActiveCfg = Release|Any CPU
		{6D779743-22B5-4283-B010-3104F047C0BB}.Release|Any CPU.Build.0 = Release|Any CPU
		{BBE7BD11-27F0-4ABC-93BC-689E6AA16A32}.Debug|Any CPU.ActiveCfg = Debug|Any CPU
		{BBE7BD11-27F0-4ABC-93BC-689E6AA16A32}.Debug|Any CPU.Build.0 = Debug|Any CPU
		{BBE7BD11-27F0-4ABC-93BC-689E6AA16A32}.Release|Any CPU.ActiveCfg = Release|Any CPU
		{BBE7BD11-27F0-4ABC-93BC-689E6AA16A32}.Release|Any CPU.Build.0 = Release|Any CPU
		{59693B1F-C3B2-4996-951B-CE2FE81E8154}.Debug|Any CPU.ActiveCfg = Debug|Any CPU
		{59693B1F-C3B2-4996-951B-CE2FE81E8154}.Debug|Any CPU.Build.0 = Debug|Any CPU
		{59693B1F-C3B2-4996-951B-CE2FE81E8154}.Release|Any CPU.ActiveCfg = Release|Any CPU
		{59693B1F-C3B2-4996-951B-CE2FE81E8154}.Release|Any CPU.Build.0 = Release|Any CPU
		{D797AD22-0B00-45D1-9930-ECDB6B4A5347}.Debug|Any CPU.ActiveCfg = Debug|Any CPU
		{D797AD22-0B00-45D1-9930-ECDB6B4A5347}.Debug|Any CPU.Build.0 = Debug|Any CPU
		{D797AD22-0B00-45D1-9930-ECDB6B4A5347}.Release|Any CPU.ActiveCfg = Release|Any CPU
		{D797AD22-0B00-45D1-9930-ECDB6B4A5347}.Release|Any CPU.Build.0 = Release|Any CPU
		{820A2C8E-3D18-4442-AD7D-6FAA7EBA0A04}.Debug|Any CPU.ActiveCfg = Debug|Any CPU
		{820A2C8E-3D18-4442-AD7D-6FAA7EBA0A04}.Debug|Any CPU.Build.0 = Debug|Any CPU
		{820A2C8E-3D18-4442-AD7D-6FAA7EBA0A04}.Release|Any CPU.ActiveCfg = Release|Any CPU
		{820A2C8E-3D18-4442-AD7D-6FAA7EBA0A04}.Release|Any CPU.Build.0 = Release|Any CPU
		{DEF738D8-6BFC-4B5C-A2B1-2CA5CAC35DB5}.Debug|Any CPU.ActiveCfg = Debug|Any CPU
		{DEF738D8-6BFC-4B5C-A2B1-2CA5CAC35DB5}.Debug|Any CPU.Build.0 = Debug|Any CPU
		{DEF738D8-6BFC-4B5C-A2B1-2CA5CAC35DB5}.Release|Any CPU.ActiveCfg = Release|Any CPU
		{DEF738D8-6BFC-4B5C-A2B1-2CA5CAC35DB5}.Release|Any CPU.Build.0 = Release|Any CPU
		{F68E3A3F-3BB2-46F7-B2DC-70E5874296C6}.Debug|Any CPU.ActiveCfg = Debug|Any CPU
		{F68E3A3F-3BB2-46F7-B2DC-70E5874296C6}.Debug|Any CPU.Build.0 = Debug|Any CPU
		{F68E3A3F-3BB2-46F7-B2DC-70E5874296C6}.Release|Any CPU.ActiveCfg = Release|Any CPU
		{F68E3A3F-3BB2-46F7-B2DC-70E5874296C6}.Release|Any CPU.Build.0 = Release|Any CPU
	EndGlobalSection
	GlobalSection(NestedProjects) = preSolution
		{D020C1F6-7F0A-4411-AAA3-7360695A18D3} = {D7D996F7-0F64-4551-8EFA-96041D218079}
		{6D779743-22B5-4283-B010-3104F047C0BB} = {D7D996F7-0F64-4551-8EFA-96041D218079}
		{BBE7BD11-27F0-4ABC-93BC-689E6AA16A32} = {D7D996F7-0F64-4551-8EFA-96041D218079}
		{59693B1F-C3B2-4996-951B-CE2FE81E8154} = {D7D996F7-0F64-4551-8EFA-96041D218079}
		{D797AD22-0B00-45D1-9930-ECDB6B4A5347} = {D7D996F7-0F64-4551-8EFA-96041D218079}
		{820A2C8E-3D18-4442-AD7D-6FAA7EBA0A04} = {D7D996F7-0F64-4551-8EFA-96041D218079}
		{DEF738D8-6BFC-4B5C-A2B1-2CA5CAC35DB5} = {CDF4D37B-1B6D-4607-B755-082CC9A8D0F5}
		{F68E3A3F-3BB2-46F7-B2DC-70E5874296C6} = {CDF4D37B-1B6D-4607-B755-082CC9A8D0F5}
	EndGlobalSection
EndGlobal
